# This file is autogenerated, do not edit; changes may be undone by the next 'dep ensure'.


[[projects]]
  branch = "master"
  digest = "1:f257555b3b0194238e1bd9314a06ac0a4bd393b8f4fe0d9a1a89c16393c50130"
  name = "gonum.org/v1/gonum"
  packages = [
    "blas",
    "blas/blas64",
    "blas/gonum",
    "floats",
    "internal/asm/c128",
    "internal/asm/f32",
    "internal/asm/f64",
    "internal/math32",
    "lapack",
    "lapack/gonum",
    "lapack/lapack64",
    "mat",
  ]
  pruneopts = "UT"
  revision = "e53627a826523504bbe4a69dade2b38584fbb1d7"
  source = "gonum.org/v1/gonum/mat"

[solve-meta]
  analyzer-name = "dep"
  analyzer-version = 1
  input-imports = ["gonum.org/v1/gonum/mat"]
  solver-name = "gps-cdcl"
  solver-version = 1
